
Microsoft Visual Studio Solution File, Format Version 12.00
# Visual Studio Version 17
VisualStudioVersion = 17.9.34714.143
MinimumVisualStudioVersion = 10.0.40219.1
Project("{9A19103F-16F7-4668-BE54-9A1E7A4F7556}") = "DDDS.Test.WebAPI", "DDDS.Test.WebAPI\DDDS.Test.WebAPI.csproj", "{DED5153B-0C75-4F41-802B-EC0F6DF0F3A6}"
EndProject
Project("{FAE04EC0-301F-11D3-BF4B-00C04F79EFBC}") = "DDDS.Consumer", "DDDS.Consumer\DDDS.Consumer.csproj", "{1FCACBB1-B261-4E52-A8BE-6DF118E38717}"
EndProject
Global
	GlobalSection(SolutionConfigurationPlatforms) = preSolution
		Debug|Any CPU = Debug|Any CPU
		Release|Any CPU = Release|Any CPU
	EndGlobalSection
	GlobalSection(ProjectConfigurationPlatforms) = postSolution
		{DED5153B-0C75-4F41-802B-EC0F6DF0F3A6}.Debug|Any CPU.ActiveCfg = Debug|Any CPU
		{DED5153B-0C75-4F41-802B-EC0F6DF0F3A6}.Debug|Any CPU.Build.0 = Debug|Any CPU
		{DED5153B-0C75-4F41-802B-EC0F6DF0F3A6}.Release|Any CPU.ActiveCfg = Release|Any CPU
		{DED5153B-0C75-4F41-802B-EC0F6DF0F3A6}.Release|Any CPU.Build.0 = Release|Any CPU
		{1FCACBB1-B261-4E52-A8BE-6DF118E38717}.Debug|Any CPU.ActiveCfg = Debug|Any CPU
		{1FCACBB1-B261-4E52-A8BE-6DF118E38717}.Debug|Any CPU.Build.0 = Debug|Any CPU
		{1FCACBB1-B261-4E52-A8BE-6DF118E38717}.Release|Any CPU.ActiveCfg = Release|Any CPU
		{1FCACBB1-B261-4E52-A8BE-6DF118E38717}.Release|Any CPU.Build.0 = Release|Any CPU
	EndGlobalSection
	GlobalSection(SolutionProperties) = preSolution
		HideSolutionNode = FALSE
	EndGlobalSection
	GlobalSection(ExtensibilityGlobals) = postSolution
		SolutionGuid = {49741AF7-D015-4604-8E9F-18F61D6016B6}
	EndGlobalSection
EndGlobal
